
Microsoft Visual Studio Solution File, Format Version 12.00
# Visual Studio Version 17
VisualStudioVersion = 17.3.32825.248
MinimumVisualStudioVersion = 10.0.40219.1
Project("{9A19103F-16F7-4668-BE54-9A1E7A4F7556}") = "AzureBlobStorage.API", "src\AzureBlobStorage.API\AzureBlobStorage.API.csproj", "{D7DCDB40-D830-45AC-921C-1D919CC15CC3}"
EndProject
Project("{FAE04EC0-301F-11D3-BF4B-00C04F79EFBC}") = "AzureBlobStorage.Test", "src\AzureBlobStorage.Test\AzureBlobStorage.Test.csproj", "{93092443-DAFA-484B-8E61-4CF62472323B}"
EndProject
Global
	GlobalSection(SolutionConfigurationPlatforms) = preSolution
		Debug|Any CPU = Debug|Any CPU
		Release|Any CPU = Release|Any CPU
	EndGlobalSection
	GlobalSection(ProjectConfigurationPlatforms) = postSolution
		{D7DCDB40-D830-45AC-921C-1D919CC15CC3}.Debug|Any CPU.ActiveCfg = Debug|Any CPU
		{D7DCDB40-D830-45AC-921C-1D919CC15CC3}.Debug|Any CPU.Build.0 = Debug|Any CPU
		{D7DCDB40-D830-45AC-921C-1D919CC15CC3}.Release|Any CPU.ActiveCfg = Release|Any CPU
		{D7DCDB40-D830-45AC-921C-1D919CC15CC3}.Release|Any CPU.Build.0 = Release|Any CPU
		{93092443-DAFA-484B-8E61-4CF62472323B}.Debug|Any CPU.ActiveCfg = Debug|Any CPU
		{93092443-DAFA-484B-8E61-4CF62472323B}.Debug|Any CPU.Build.0 = Debug|Any CPU
		{93092443-DAFA-484B-8E61-4CF62472323B}.Release|Any CPU.ActiveCfg = Release|Any CPU
		{93092443-DAFA-484B-8E61-4CF62472323B}.Release|Any CPU.Build.0 = Release|Any CPU
	EndGlobalSection
	GlobalSection(SolutionProperties) = preSolution
		HideSolutionNode = FALSE
	EndGlobalSection
	GlobalSection(ExtensibilityGlobals) = postSolution
		SolutionGuid = {FE8EB13E-2631-4AD0-B99D-B3613945ADD9}
	EndGlobalSection
EndGlobal
